
Microsoft Visual Studio Solution File, Format Version 12.00
# Visual Studio 14
VisualStudioVersion = 14.0.24720.0
MinimumVisualStudioVersion = 10.0.40219.1
Project("{FAE04EC0-301F-11D3-BF4B-00C04F79EFBC}") = "26-Ene-2017 Practica 02", "26-Ene-2017 Practica 02\26-Ene-2017 Practica 02.csproj", "{C79598DB-3BBD-4DEC-AF25-7F6D1C0F9257}"
EndProject
Global
	GlobalSection(SolutionConfigurationPlatforms) = preSolution
		Debug|Any CPU = Debug|Any CPU
		Release|Any CPU = Release|Any CPU
	EndGlobalSection
	GlobalSection(ProjectConfigurationPlatforms) = postSolution
		{C79598DB-3BBD-4DEC-AF25-7F6D1C0F9257}.Debug|Any CPU.ActiveCfg = Debug|Any CPU
		{C79598DB-3BBD-4DEC-AF25-7F6D1C0F9257}.Debug|Any CPU.Build.0 = Debug|Any CPU
		{C79598DB-3BBD-4DEC-AF25-7F6D1C0F9257}.Release|Any CPU.ActiveCfg = Release|Any CPU
		{C79598DB-3BBD-4DEC-AF25-7F6D1C0F9257}.Release|Any CPU.Build.0 = Release|Any CPU
	EndGlobalSection
	GlobalSection(SolutionProperties) = preSolution
		HideSolutionNode = FALSE
	EndGlobalSection
EndGlobal
